{
    "_meta": {
        "hash": {
            "sha256": "39a5b3ee2662c0bffbea882b949f4714e774c1dafe174f549788af1c829a567b"
        },
        "pipfile-spec": 6,
        "requires": {
            "python_version": "3.10"
        },
        "sources": [
            {
                "name": "pypi",
                "url": "https://pypi.org/simple",
                "verify_ssl": true
            }
        ]
    },
    "default": {
        "certifi": {
            "hashes": [
                "sha256:84c85a9078b11105f04f3036a9482ae10e4621616db313fe045dd24743a0820d",
                "sha256:fe86415d55e84719d75f8b69414f6438ac3547d2078ab91b67e779ef69378412"
            ],
            "markers": "python_version >= '3.6'",
            "version": "==2022.6.15"
        },
        "charset-normalizer": {
            "hashes": [
                "sha256:5a3d016c7c547f69d6f81fb0db9449ce888b418b5b9952cc5e6e66843e9dd845",
                "sha256:83e9a75d1911279afd89352c68b45348559d1fc0506b054b346651b5e7fee29f"
            ],
            "markers": "python_version >= '3.6'",
            "version": "==2.1.1"
        },
        "docutils": {
            "hashes": [
                "sha256:33995a6753c30b7f577febfc2c50411fec6aac7f7ffeb7c4cfe5991072dcf9e6",
                "sha256:5e1de4d849fee02c63b040a4a3fd567f4ab104defd8a5511fbbc24a8a017efbc"
            ],
            "markers": "python_version >= '3.7'",
            "version": "==0.19"
        },
        "idna": {
            "hashes": [
                "sha256:84d9dd047ffa80596e0f246e2eab0b391788b0503584e8945f2368256d2735ff",
                "sha256:9d643ff0a55b762d5cdb124b8eaa99c66322e2157b69160bc32796e824360e6d"
            ],
            "markers": "python_version >= '3.5'",
            "version": "==3.3"
        },
        "kivy": {
            "hashes": [
                "sha256:1c112bcfaf5caea8648563c7706e038cc51afc8f4b2e7c30088441505c9bd6e5",
                "sha256:222c1cae30a5f85b1ccf6bdab391a2a255a2acb3b891ce04037156109c7856f2",
                "sha256:260f88aff72ba2269e6733598e9081533072769ed0bec2d020a8bd010d1b6751",
                "sha256:2c834e90668b23ed7e4c725aead01b16ed347bc0747b3476d2e9eff5c36ce0a6",
                "sha256:2f7d5c3b71a73a41b73a79f3dd059c2177d0711ddff63292595d8e6204bd8d8a",
                "sha256:38776f17aad1dc93133b997a7492999a1169ab09db56735ee5bfe300e01b01af",
                "sha256:3a16f3ba3b70d5e7943d7ee5c4cbbd52bc4675f38da4bf2b3005c1639d6c04b3",
                "sha256:3f3067ec3cbd8616ce5dbc06a561df4862f8f37b20167885137102eb5254d890",
                "sha256:591e06bc8cb4c71c0eed756fc21491513fd71edfc79b8d5f7b229c5e6930a767",
                "sha256:5936bec77659b7774100094462ee124684235572ddc5177e47f99ec9a9ecba84",
                "sha256:6b0836ff99bce926a1d8ce8335c3ccf80459419fff7e0b0d56b386990a847d6a",
                "sha256:8bc76c8d91d1b57f7d2bc859e66dc0736d42c192600b0077ad6a7d18c2ed922d",
                "sha256:8eca96611980bb5ee4288469653f2d052082e2363df0b5d68c431f21bbc3d069",
                "sha256:a680aae60ecde4dd8657579c1137f581f07ead61699a53311b933aa7361eda40",
                "sha256:c24ca9669e941cb0551a67e23583dbbecff02f4829b3016df85a1a4378a1f854",
                "sha256:d533947bf5126e6c808a994032af4116264fb302b48cfd88312d1750ef5bf236",
                "sha256:ee3427c3bfdbfad07e663cf77db7461eed986e1e8e6995ebb532dc4eb5e13fc2",
                "sha256:eec5c58b82a23c15b70f687f161450a310b0c99075e1e425a00b2e096cec5261",
                "sha256:ef3e59315e10a01a9955e45c5a422f558c7a2495ae2a66c78d68caa6863b1572",
                "sha256:f81618278f18e5a2ba4f7d5d09c231a1d58a89df50f82c5d71f6baf057f4dac3",
                "sha256:fccae9301048e0d1e31443eeb08ab9cd66e91afe59d0474c067f1d838bce04b5"
            ],
            "index": "pypi",
            "version": "==2.1.0"
        },
        "kivy-deps.angle": {
            "hashes": [
                "sha256:27055e3a641a013b3415b46b46cc17e549fdacd3677b7a7c583dd0d8488200c1",
                "sha256:4fe686fdee42953a444297bc162d8f3659f10aad21a4116fe3c078c940f04419",
                "sha256:b109ce35c4d54613f91f5c033f82ff0816a1bc96d86b259cda4cb81c912f2888",
                "sha256:b38e4da8dbe5933f56b0386561d89145b345bebaa61a1025d9f0988c99df3f7c",
                "sha256:b7c78cadc20978185caf1a12faa98188c6ad9b4cb70245e0bff8d56c3da84f64",
                "sha256:e9f11c08a8994f898205d999a85705e102488264f4d2aa62303e51e01ccdc125",
                "sha256:f4fa1548d9a74043848979d0947be32c879fc3ac0cf0adab9f727ae1806441c0",
                "sha256:f85c5d148b875418d4198e0f4a03da2c44fa40baf919d2eccdd7ea47a98f36e0"
            ],
            "markers": "sys_platform == 'win32'",
            "version": "==0.3.2"
        },
        "kivy-deps.glew": {
            "hashes": [
                "sha256:00f4ae0a4682d951266458ddb639451edb24baa54a35215dce889209daf19a06",
                "sha256:081a09b92f7e7817f489f8b6b31c9c9623661378de1dce1d6b097af5e7d42b45",
                "sha256:3f8b89dcf1846032d7a9c5ef88b0ee9cbd13366e9b4c85ada61e01549a910677",
                "sha256:4e377ed97670dfda619a1b63a82345a8589be90e7c616a458fba2810708810b1",
                "sha256:5bf6a63fe9cc4fe7bbf280ec267ec8c47914020a1175fb22152525ff1837b436",
                "sha256:8f4b3ed15acb62474909b6d41661ffb4da9eb502bb5684301fb2da668f288a58",
                "sha256:aef2d2a93f129d8425c75234e7f6cc0a34b59a4aee67f6d2cd7a5fdfa9915b53",
                "sha256:d64a8625799fab7a7efeb3661ef8779a7f9c6d80da53eed87a956320f55530fa"
            ],
            "markers": "sys_platform == 'win32'",
            "version": "==0.3.1"
        },
        "kivy-deps.sdl2": {
            "hashes": [
                "sha256:0126c141dad69147315c43144c1e5356982860bed49ced1ad186616ae33b761a",
                "sha256:1884e0ce5d1f47ccf63b55021e2b2c04eae433111f2c246a82f4c06697624def",
                "sha256:660c23993aa0df2de18dcc4e0fce2e1344e800469a702f49459f18762ebe5aa0",
                "sha256:6c79f225ac3954ba552c23f4313e5304663703d225f648b032861ad506bd79e2",
                "sha256:8a54e000813471ae141ed4304eb34ee90b27c06f95565507e11e138f693c3885",
                "sha256:97be14de619deb853867b66355a1eea9f26d572c94888e934ca9fd8fcf3593b2",
                "sha256:9a375da3c9cda088e318d920555be72aa0af753a24476d08f42894ef7a6ac73d",
                "sha256:c3fa7218478dff2f6deb357c6c8e50856c7153b9ba8cb6f4f7a0e70b50f1b3a1"
            ],
            "markers": "sys_platform == 'win32'",
            "version": "==0.4.5"
        },
        "kivy-garden": {
            "hashes": [
                "sha256:2b8377378e87501d5d271f33d94f0e44c089884572c64f89c9d609b1f86a2748",
                "sha256:ef50f44b96358cf10ac5665f27a4751bb34ef54051c54b93af891f80afe42929"
            ],
            "version": "==0.1.5"
        },
        "mysql-connector-python": {
            "hashes": [
                "sha256:1d9d3af14594aceda2c3096564b4c87ffac21e375806a802daeaf7adcd18d36b",
                "sha256:234c6b156a1989bebca6eb564dc8f2e9d352f90a51bd228ccd68eb66fcd5fd7a",
                "sha256:33c4e567547a9a1868462fda8f2b19ea186a7b1afe498171dca39c0f3aa43a75",
                "sha256:36e763f21e62b3c9623a264f2513ee11924ea1c9cc8640c115a279d3087064be",
                "sha256:41a04d1900e366bf6c2a645ead89ab9a567806d5ada7d417a3a31f170321dd14",
                "sha256:47deb8c3324db7eb2bfb720ec8084d547b1bce457672ea261bc21836024249db",
                "sha256:59a8592e154c874c299763bb8aa12c518384c364bcfd0d193e85c869ea81a895",
                "sha256:611c6945805216104575f7143ff6497c87396ce82d3257e6da7257b65406f13e",
                "sha256:62266d1b18cb4e286a05df0e1c99163a4955c82d41045305bcf0ab2aac107843",
                "sha256:712cdfa97f35fec715e8d7aaa15ed9ce04f3cf71b3c177fcca273047040de9f2",
                "sha256:7f771bd5cba3ade6d9f7a649e65d7c030f69f0e69980632b5cbbd3d19c39cee5",
                "sha256:8876b1d51cae33cdfe7021d68206661e94dcd2666e5e14a743f8321e2b068e84",
                "sha256:8b7d50c221320b0e609dce9ca8801ab2f2a748dfee65cd76b1e4c6940757734a",
                "sha256:954a1fc2e9a811662c5b17cea24819c020ff9d56b2ff8e583dd0a233fb2399f6",
                "sha256:a130c5489861c7ff2990e5b503c37beb2fb7b32211b92f9107ad864ee90654c0",
                "sha256:b5dc0f3295e404f93b674bfaff7589a9fbb8b5ae6c1c134112a1d1beb2f664b2",
                "sha256:ce23ca9c27e1f7b4707b3299ce515125f312736d86a7e5b2aa778484fa3ffa10",
                "sha256:d8f74c9388176635f75c01d47d0abc783a47e58d7f36d04fb6ee40ab6fb35c9b",
                "sha256:f1d40cac9c786e292433716c1ade7a8968cbc3ea177026697b86a63188ddba34",
                "sha256:f1eb74eb30bb04ff314f5e19af5421d23b504e41d16ddcee2603b4100d18fd68",
                "sha256:f5d812245754d4759ebc8c075662fef65397e1e2a438a3c391eac9d545077b8b"
            ],
            "index": "pypi",
            "version": "==8.0.30"
        },
        "protobuf": {
            "hashes": [
                "sha256:06059eb6953ff01e56a25cd02cca1a9649a75a7e65397b5b9b4e929ed71d10cf",
                "sha256:097c5d8a9808302fb0da7e20edf0b8d4703274d140fd25c5edabddcde43e081f",
                "sha256:284f86a6207c897542d7e956eb243a36bb8f9564c1742b253462386e96c6b78f",
                "sha256:32ca378605b41fd180dfe4e14d3226386d8d1b002ab31c969c366549e66a2bb7",
                "sha256:3cc797c9d15d7689ed507b165cd05913acb992d78b379f6014e013f9ecb20996",
                "sha256:62f1b5c4cd6c5402b4e2d63804ba49a327e0c386c99b1675c8a0fefda23b2067",
                "sha256:69ccfdf3657ba59569c64295b7d51325f91af586f8d5793b734260dfe2e94e2c",
                "sha256:6f50601512a3d23625d8a85b1638d914a0970f17920ff39cec63aaef80a93fb7",
                "sha256:7403941f6d0992d40161aa8bb23e12575637008a5a02283a930addc0508982f9",
                "sha256:755f3aee41354ae395e104d62119cb223339a8f3276a0cd009ffabfcdd46bb0c",
                "sha256:77053d28427a29987ca9caf7b72ccafee011257561259faba8dd308fda9a8739",
                "sha256:7e371f10abe57cee5021797126c93479f59fccc9693dafd6bd5633ab67808a91",
                "sha256:9016d01c91e8e625141d24ec1b20fed584703e527d28512aa8c8707f105a683c",
                "sha256:9be73ad47579abc26c12024239d3540e6b765182a91dbc88e23658ab71767153",
                "sha256:adc31566d027f45efe3f44eeb5b1f329da43891634d61c75a5944e9be6dd42c9",
                "sha256:adfc6cf69c7f8c50fd24c793964eef18f0ac321315439d94945820612849c388",
                "sha256:af0ebadc74e281a517141daad9d0f2c5d93ab78e9d455113719a45a49da9db4e",
                "sha256:cb29edb9eab15742d791e1025dd7b6a8f6fcb53802ad2f6e3adcb102051063ab",
                "sha256:cd68be2559e2a3b84f517fb029ee611546f7812b1fdd0aa2ecc9bc6ec0e4fdde",
                "sha256:cdee09140e1cd184ba9324ec1df410e7147242b94b5f8b0c64fc89e38a8ba531",
                "sha256:db977c4ca738dd9ce508557d4fce0f5aebd105e158c725beec86feb1f6bc20d8",
                "sha256:dd5789b2948ca702c17027c84c2accb552fc30f4622a98ab5c51fcfe8c50d3e7",
                "sha256:e250a42f15bf9d5b09fe1b293bdba2801cd520a9f5ea2d7fb7536d4441811d20",
                "sha256:ff8d8fa42675249bb456f5db06c00de6c2f4c27a065955917b28c4f15978b9c3"
            ],
            "markers": "python_version >= '3.7'",
            "version": "==3.20.1"
        },
        "pygments": {
            "hashes": [
                "sha256:56a8508ae95f98e2b9bdf93a6be5ae3f7d8af858b43e02c5a2ff083726be40c1",
                "sha256:f643f331ab57ba3c9d89212ee4a2dabc6e94f117cf4eefde99a0574720d14c42"
            ],
            "markers": "python_version >= '3.6'",
            "version": "==2.13.0"
        },
        "pypiwin32": {
            "hashes": [
                "sha256:67adf399debc1d5d14dffc1ab5acacb800da569754fafdc576b2a039485aa775",
                "sha256:71be40c1fbd28594214ecaecb58e7aa8b708eabfa0125c8a109ebd51edbd776a"
            ],
            "markers": "sys_platform == 'win32'",
            "version": "==223"
        },
        "python-dotenv": {
            "hashes": [
                "sha256:b7e3b04a59693c42c36f9ab1cc2acc46fa5df8c78e178fc33a8d4cd05c8d498f",
                "sha256:d92a187be61fe482e4fd675b6d52200e7be63a12b724abbf931a40ce4fa92938"
            ],
            "index": "pypi",
            "version": "==0.20.0"
        },
        "pywin32": {
            "hashes": [
                "sha256:25746d841201fd9f96b648a248f731c1dec851c9a08b8e33da8b56148e4c65cc",
                "sha256:30c53d6ce44c12a316a06c153ea74152d3b1342610f1b99d40ba2795e5af0269",
                "sha256:3c7bacf5e24298c86314f03fa20e16558a4e4138fc34615d7de4070c23e65af3",
                "sha256:4f32145913a2447736dad62495199a8e280a77a0ca662daa2332acf849f0be48",
                "sha256:7ffa0c0fa4ae4077e8b8aa73800540ef8c24530057768c3ac57c609f99a14fd4",
                "sha256:94037b5259701988954931333aafd39cf897e990852115656b014ce72e052e96",
                "sha256:bb2ea2aa81e96eee6a6b79d87e1d1648d3f8b87f9a64499e0b92b30d141e76df",
                "sha256:be253e7b14bc601718f014d2832e4c18a5b023cbe72db826da63df76b77507a1",
                "sha256:cbbe34dad39bdbaa2889a424d28752f1b4971939b14b1bb48cbf0182a3bcfc43",
                "sha256:d24a3382f013b21aa24a5cfbfad5a2cd9926610c0affde3e8ab5b3d7dbcf4ac9",
                "sha256:d3ee45adff48e0551d1aa60d2ec066fec006083b791f5c3527c40cd8aefac71f",
                "sha256:de9827c23321dcf43d2f288f09f3b6d772fee11e809015bdae9e69fe13213988",
                "sha256:ead865a2e179b30fb717831f73cf4373401fc62fbc3455a0889a7ddac848f83e",
                "sha256:f64c0377cf01b61bd5e76c25e1480ca8ab3b73f0c4add50538d332afdf8f69c5"
            ],
            "version": "==304"
        },
        "requests": {
            "hashes": [
                "sha256:7c5599b102feddaa661c826c56ab4fee28bfd17f5abca1ebbe3e7f19d7c97983",
                "sha256:8fefa2a1a1365bf5520aac41836fbee479da67864514bdb821f31ce07ce65349"
            ],
            "markers": "python_version >= '3.7' and python_version < '4'",
            "version": "==2.28.1"
        },
        "urllib3": {
            "hashes": [
                "sha256:3fa96cf423e6987997fc326ae8df396db2a8b7c667747d47ddd8ecba91f4a74e",
                "sha256:b930dd878d5a8afb066a637fbb35144fe7901e3b209d1cd4f524bd0e9deee997"
            ],
            "markers": "python_version >= '2.7' and python_version not in '3.0, 3.1, 3.2, 3.3, 3.4, 3.5' and python_version < '4'",
            "version": "==1.26.12"
        }
    },
    "develop": {}
}
